
Microsoft Visual Studio Solution File, Format Version 12.00
# Visual Studio 15
VisualStudioVersion = 15.0.27703.2018
MinimumVisualStudioVersion = 10.0.40219.1
Project("{FAE04EC0-301F-11D3-BF4B-00C04F79EFBC}") = "DAQNaviTest", "DAQNaviTest\DAQNaviTest.csproj", "{3CCE1930-47B7-4447-BEB7-F217DC209A76}"
EndProject
Project("{FAE04EC0-301F-11D3-BF4B-00C04F79EFBC}") = "DAQNaviHelper", "DAQNaviHelper\DAQNaviHelper.csproj", "{13A0EFFA-2164-43A6-AFE0-25BA5ED8623E}"
EndProject
Project("{FAE04EC0-301F-11D3-BF4B-00C04F79EFBC}") = "DAQNaviHelperDemo", "DAQNaviHelperDemo\DAQNaviHelperDemo.csproj", "{A41C2AF5-BBD6-4BBD-9D13-C4D8DF6B30D5}"
EndProject
Project("{FAE04EC0-301F-11D3-BF4B-00C04F79EFBC}") = "补水仪测试工装", "补水仪测试工装\补水仪测试工装.csproj", "{FB72B3E5-205F-4F03-8BB2-88F40C9BFA29}"
EndProject
Project("{FAE04EC0-301F-11D3-BF4B-00C04F79EFBC}") = "丰胸仪波形采集工装", "丰胸仪波形测试工装\丰胸仪波形采集工装.csproj", "{C6FB96B5-8D1A-49C5-9AB8-99EB7CB76CDE}"
EndProject
Global
	GlobalSection(SolutionConfigurationPlatforms) = preSolution
		Debug|Any CPU = Debug|Any CPU
		Release|Any CPU = Release|Any CPU
	EndGlobalSection
	GlobalSection(ProjectConfigurationPlatforms) = postSolution
		{3CCE1930-47B7-4447-BEB7-F217DC209A76}.Debug|Any CPU.ActiveCfg = Debug|Any CPU
		{3CCE1930-47B7-4447-BEB7-F217DC209A76}.Debug|Any CPU.Build.0 = Debug|Any CPU
		{3CCE1930-47B7-4447-BEB7-F217DC209A76}.Release|Any CPU.ActiveCfg = Release|Any CPU
		{3CCE1930-47B7-4447-BEB7-F217DC209A76}.Release|Any CPU.Build.0 = Release|Any CPU
		{13A0EFFA-2164-43A6-AFE0-25BA5ED8623E}.Debug|Any CPU.ActiveCfg = Debug|Any CPU
		{13A0EFFA-2164-43A6-AFE0-25BA5ED8623E}.Debug|Any CPU.Build.0 = Debug|Any CPU
		{13A0EFFA-2164-43A6-AFE0-25BA5ED8623E}.Release|Any CPU.ActiveCfg = Release|Any CPU
		{13A0EFFA-2164-43A6-AFE0-25BA5ED8623E}.Release|Any CPU.Build.0 = Release|Any CPU
		{A41C2AF5-BBD6-4BBD-9D13-C4D8DF6B30D5}.Debug|Any CPU.ActiveCfg = Debug|Any CPU
		{A41C2AF5-BBD6-4BBD-9D13-C4D8DF6B30D5}.Debug|Any CPU.Build.0 = Debug|Any CPU
		{A41C2AF5-BBD6-4BBD-9D13-C4D8DF6B30D5}.Release|Any CPU.ActiveCfg = Release|Any CPU
		{A41C2AF5-BBD6-4BBD-9D13-C4D8DF6B30D5}.Release|Any CPU.Build.0 = Release|Any CPU
		{FB72B3E5-205F-4F03-8BB2-88F40C9BFA29}.Debug|Any CPU.ActiveCfg = Debug|Any CPU
		{FB72B3E5-205F-4F03-8BB2-88F40C9BFA29}.Debug|Any CPU.Build.0 = Debug|Any CPU
		{FB72B3E5-205F-4F03-8BB2-88F40C9BFA29}.Release|Any CPU.ActiveCfg = Release|Any CPU
		{FB72B3E5-205F-4F03-8BB2-88F40C9BFA29}.Release|Any CPU.Build.0 = Release|Any CPU
		{C6FB96B5-8D1A-49C5-9AB8-99EB7CB76CDE}.Debug|Any CPU.ActiveCfg = Debug|Any CPU
		{C6FB96B5-8D1A-49C5-9AB8-99EB7CB76CDE}.Debug|Any CPU.Build.0 = Debug|Any CPU
		{C6FB96B5-8D1A-49C5-9AB8-99EB7CB76CDE}.Release|Any CPU.ActiveCfg = Release|Any CPU
		{C6FB96B5-8D1A-49C5-9AB8-99EB7CB76CDE}.Release|Any CPU.Build.0 = Release|Any CPU
	EndGlobalSection
	GlobalSection(SolutionProperties) = preSolution
		HideSolutionNode = FALSE
	EndGlobalSection
	GlobalSection(ExtensibilityGlobals) = postSolution
		SolutionGuid = {FB993034-AD5E-4D24-BE02-0314A317F9E3}
	EndGlobalSection
EndGlobal
